{
    "requires": true,
    "lockfileVersion": 1,
    "dependencies": {
        "ajv": {
            "version": "6.5.0",
            "resolved": "https://registry.npmjs.org/ajv/-/ajv-6.5.0.tgz",
            "integrity": "sha512-VDUX1oSajablmiyFyED9L1DFndg0P9h7p1F+NO8FkIzei6EPrR6Zu1n18rd5P8PqaSRd/FrWv3G1TVBqpM83gA==",
            "requires": {
                "fast-deep-equal": "2.0.1",
                "fast-json-stable-stringify": "2.0.0",
                "json-schema-traverse": "0.3.1",
                "uri-js": "4.2.1"
            }
        },
        "commander": {
            "version": "2.15.1",
            "resolved": "https://registry.npmjs.org/commander/-/commander-2.15.1.tgz",
            "integrity": "sha512-VlfT9F3V0v+jr4yxPc5gg9s62/fIVWsd2Bk2iD435um1NlGMYdVCq+MjcXnhYq2icNOizHr1kK+5TI6H0Hy0ag=="
        },
        "fast-deep-equal": {
            "version": "2.0.1",
            "resolved": "https://registry.npmjs.org/fast-deep-equal/-/fast-deep-equal-2.0.1.tgz",
            "integrity": "sha1-ewUhjd+WZ79/Nwv3/bLLFf3Qqkk="
        },
        "fast-json-stable-stringify": {
            "version": "2.0.0",
            "resolved": "https://registry.npmjs.org/fast-json-stable-stringify/-/fast-json-stable-stringify-2.0.0.tgz",
            "integrity": "sha1-1RQsDK7msRifh9OnYREGT4bIu/I="
        },
        "jquery": {
            "version": "3.3.1",
            "resolved": "https://registry.npmjs.org/jquery/-/jquery-3.3.1.tgz",
            "integrity": "sha512-Ubldcmxp5np52/ENotGxlLe6aGMvmF4R8S6tZjsP6Knsaxd/xp3Zrh50cG93lR6nPXyUFwzN3ZSOQI0wRJNdGg=="
        },
        "json-schema-traverse": {
            "version": "0.3.1",
            "resolved": "https://registry.npmjs.org/json-schema-traverse/-/json-schema-traverse-0.3.1.tgz",
            "integrity": "sha1-NJptRMU6Ud6JtAgFxdXlm0F9M0A="
        },
        "punycode": {
            "version": "2.1.0",
            "resolved": "https://registry.npmjs.org/punycode/-/punycode-2.1.0.tgz",
            "integrity": "sha1-X4Y+3Im5bbCQdLrXlHvwkFbKTn0="
        },
        "uglify-js": {
            "version": "3.3.25",
            "resolved": "https://registry.npmjs.org/uglify-js/-/uglify-js-3.3.25.tgz",
            "integrity": "sha512-hobogryjDV36VrLK3Y69ou4REyrTApzUblVFmdQOYRe8cYaSmFJXMb4dR9McdvYDSbeNdzUgYr2YVukJaErJcA==",
            "requires": {
                "commander": "2.15.1",
                "source-map": "0.6.1"
            },
            "dependencies": {
                "source-map": {
                    "version": "0.6.1",
                    "resolved": "https://registry.npmjs.org/source-map/-/source-map-0.6.1.tgz",
                    "integrity": "sha512-UjgapumWlbMhkBgzT7Ykc5YXUT46F0iKu8SGXq0bcwP5dz/h0Plj6enJqjz1Zbq2l5WaqYnrVbwWOWMyF3F47g=="
                }
            }
        },
        "uri-js": {
            "version": "4.2.1",
            "resolved": "https://registry.npmjs.org/uri-js/-/uri-js-4.2.1.tgz",
            "integrity": "sha512-jpKCA3HjsBfSDOEgxRDAxQCNyHfCPSbq57PqCkd3gAyBuPb3IWxw54EHncqESznIdqSetHfw3D7ylThu2Kcc9A==",
            "requires": {
                "punycode": "2.1.0"
            }
        }
    }
}
